{
  "name": "pokeapi-backend",
  "version": "1.0.0",
  "description": "PokeAPI personalizada con Node.js puro y SQLite",
  "main": "src/server.js",
  "scripts": {
    "start": "node src/server.js",
    "seed": "node src/seed.js",
    "dev": "node --watch src/server.js"
  },
  "dependencies": {
    "sql.js": "^1.12.0"
  }
}